// !$*UTF8*$!
{
	archiveVersion = 1;
	classes = {
	};
	objectVersion = 55;
	objects = {

/* Begin PBXBuildFile section */
		47B2D7362A0C16B7009B4D83 /* NewsList.json in Resources */ = {isa = PBXBuildFile; fileRef = 47DCF74C2A0982960028955F /* NewsList.json */; };
		47B2D7382A0C2113009B4D83 /* SystemExtensions.swift in Sources */ = {isa = PBXBuildFile; fileRef = 47B2D7372A0C2113009B4D83 /* SystemExtensions.swift */; };
		47BBD27D2A0984D200559CB8 /* SourceModel.swift in Sources */ = {isa = PBXBuildFile; fileRef = 47BBD27C2A0984D200559CB8 /* SourceModel.swift */; };
		47BBD27F2A09853E00559CB8 /* NewsModel.swift in Sources */ = {isa = PBXBuildFile; fileRef = 47BBD27E2A09853E00559CB8 /* NewsModel.swift */; };
		47BBD2822A09865900559CB8 /* NewsListRepository.swift in Sources */ = {isa = PBXBuildFile; fileRef = 47BBD2812A09865900559CB8 /* NewsListRepository.swift */; };
		47BBD2852A098A0300559CB8 /* GenericDataProvider.swift in Sources */ = {isa = PBXBuildFile; fileRef = 47BBD2842A098A0300559CB8 /* GenericDataProvider.swift */; };
		47BBD2872A098AB500559CB8 /* NewsListLocalDataProvider.swift in Sources */ = {isa = PBXBuildFile; fileRef = 47BBD2862A098AB500559CB8 /* NewsListLocalDataProvider.swift */; };
		47D05F3E2A0D187F006E241C /* NewsTableViewCell.swift in Sources */ = {isa = PBXBuildFile; fileRef = 47D05F3C2A0D187F006E241C /* NewsTableViewCell.swift */; };
		47D05F3F2A0D187F006E241C /* NewsTableViewCell.xib in Resources */ = {isa = PBXBuildFile; fileRef = 47D05F3D2A0D187F006E241C /* NewsTableViewCell.xib */; };
		47D05F412A0D2674006E241C /* no-image.png in Resources */ = {isa = PBXBuildFile; fileRef = 47D05F402A0D2674006E241C /* no-image.png */; };
		47DCF7362A097F180028955F /* AppDelegate.swift in Sources */ = {isa = PBXBuildFile; fileRef = 47DCF7352A097F180028955F /* AppDelegate.swift */; };
		47DCF7382A097F180028955F /* SceneDelegate.swift in Sources */ = {isa = PBXBuildFile; fileRef = 47DCF7372A097F180028955F /* SceneDelegate.swift */; };
		47DCF73A2A097F180028955F /* NewsListViewController.swift in Sources */ = {isa = PBXBuildFile; fileRef = 47DCF7392A097F180028955F /* NewsListViewController.swift */; };
		47DCF73D2A097F180028955F /* Main.storyboard in Resources */ = {isa = PBXBuildFile; fileRef = 47DCF73B2A097F180028955F /* Main.storyboard */; };
		47DCF73F2A097F1A0028955F /* Assets.xcassets in Resources */ = {isa = PBXBuildFile; fileRef = 47DCF73E2A097F1A0028955F /* Assets.xcassets */; };
		47DCF7422A097F1A0028955F /* LaunchScreen.storyboard in Resources */ = {isa = PBXBuildFile; fileRef = 47DCF7402A097F1A0028955F /* LaunchScreen.storyboard */; };
		47E50BC52A13FA8E0097164C /* NewsViewController.swift in Sources */ = {isa = PBXBuildFile; fileRef = 47E50BC42A13FA8E0097164C /* NewsViewController.swift */; };
/* End PBXBuildFile section */

/* Begin PBXFileReference section */
		47B2D7372A0C2113009B4D83 /* SystemExtensions.swift */ = {isa = PBXFileReference; lastKnownFileType = sourcecode.swift; path = SystemExtensions.swift; sourceTree = "<group>"; };
		47BBD27C2A0984D200559CB8 /* SourceModel.swift */ = {isa = PBXFileReference; lastKnownFileType = sourcecode.swift; path = SourceModel.swift; sourceTree = "<group>"; };
		47BBD27E2A09853E00559CB8 /* NewsModel.swift */ = {isa = PBXFileReference; lastKnownFileType = sourcecode.swift; path = NewsModel.swift; sourceTree = "<group>"; };
		47BBD2812A09865900559CB8 /* NewsListRepository.swift */ = {isa = PBXFileReference; lastKnownFileType = sourcecode.swift; path = NewsListRepository.swift; sourceTree = "<group>"; };
		47BBD2842A098A0300559CB8 /* GenericDataProvider.swift */ = {isa = PBXFileReference; lastKnownFileType = sourcecode.swift; path = GenericDataProvider.swift; sourceTree = "<group>"; };
		47BBD2862A098AB500559CB8 /* NewsListLocalDataProvider.swift */ = {isa = PBXFileReference; lastKnownFileType = sourcecode.swift; path = NewsListLocalDataProvider.swift; sourceTree = "<group>"; };
		47D05F3C2A0D187F006E241C /* NewsTableViewCell.swift */ = {isa = PBXFileReference; lastKnownFileType = sourcecode.swift; path = NewsTableViewCell.swift; sourceTree = "<group>"; };
		47D05F3D2A0D187F006E241C /* NewsTableViewCell.xib */ = {isa = PBXFileReference; lastKnownFileType = file.xib; path = NewsTableViewCell.xib; sourceTree = "<group>"; };
		47D05F402A0D2674006E241C /* no-image.png */ = {isa = PBXFileReference; lastKnownFileType = image.png; path = "no-image.png"; sourceTree = "<group>"; };
		47DCF7322A097F180028955F /* NewsiOS.app */ = {isa = PBXFileReference; explicitFileType = wrapper.application; includeInIndex = 0; path = NewsiOS.app; sourceTree = BUILT_PRODUCTS_DIR; };
		47DCF7352A097F180028955F /* AppDelegate.swift */ = {isa = PBXFileReference; lastKnownFileType = sourcecode.swift; path = AppDelegate.swift; sourceTree = "<group>"; };
		47DCF7372A097F180028955F /* SceneDelegate.swift */ = {isa = PBXFileReference; lastKnownFileType = sourcecode.swift; path = SceneDelegate.swift; sourceTree = "<group>"; };
		47DCF7392A097F180028955F /* NewsListViewController.swift */ = {isa = PBXFileReference; lastKnownFileType = sourcecode.swift; path = NewsListViewController.swift; sourceTree = "<group>"; };
		47DCF73C2A097F180028955F /* Base */ = {isa = PBXFileReference; lastKnownFileType = file.storyboard; name = Base; path = Base.lproj/Main.storyboard; sourceTree = "<group>"; };
		47DCF73E2A097F1A0028955F /* Assets.xcassets */ = {isa = PBXFileReference; lastKnownFileType = folder.assetcatalog; path = Assets.xcassets; sourceTree = "<group>"; };
		47DCF7412A097F1A0028955F /* Base */ = {isa = PBXFileReference; lastKnownFileType = file.storyboard; name = Base; path = Base.lproj/LaunchScreen.storyboard; sourceTree = "<group>"; };
		47DCF7432A097F1A0028955F /* Info.plist */ = {isa = PBXFileReference; lastKnownFileType = text.plist.xml; path = Info.plist; sourceTree = "<group>"; };
		47DCF74C2A0982960028955F /* NewsList.json */ = {isa = PBXFileReference; lastKnownFileType = text.json; path = NewsList.json; sourceTree = "<group>"; };
		47E50BC42A13FA8E0097164C /* NewsViewController.swift */ = {isa = PBXFileReference; lastKnownFileType = sourcecode.swift; path = NewsViewController.swift; sourceTree = "<group>"; };
/* End PBXFileReference section */

/* Begin PBXFrameworksBuildPhase section */
		47DCF72F2A097F180028955F /* Frameworks */ = {
			isa = PBXFrameworksBuildPhase;
			buildActionMask = 2147483647;
			files = (
			);
			runOnlyForDeploymentPostprocessing = 0;
		};
/* End PBXFrameworksBuildPhase section */

/* Begin PBXGroup section */
		47BBD2802A09862B00559CB8 /* LocalRepository */ = {
			isa = PBXGroup;
			children = (
				47BBD2812A09865900559CB8 /* NewsListRepository.swift */,
			);
			path = LocalRepository;
			sourceTree = "<group>";
		};
		47BBD2832A0989BF00559CB8 /* DataProvider */ = {
			isa = PBXGroup;
			children = (
				47BBD2842A098A0300559CB8 /* GenericDataProvider.swift */,
				47BBD2862A098AB500559CB8 /* NewsListLocalDataProvider.swift */,
				47BBD2802A09862B00559CB8 /* LocalRepository */,
			);
			path = DataProvider;
			sourceTree = "<group>";
		};
		47DCF7292A097F180028955F = {
			isa = PBXGroup;
			children = (
				47DCF7342A097F180028955F /* NewsiOS */,
				47DCF7332A097F180028955F /* Products */,
			);
			sourceTree = "<group>";
		};
		47DCF7332A097F180028955F /* Products */ = {
			isa = PBXGroup;
			children = (
				47DCF7322A097F180028955F /* NewsiOS.app */,
			);
			name = Products;
			sourceTree = "<group>";
		};
		47DCF7342A097F180028955F /* NewsiOS */ = {
			isa = PBXGroup;
			children = (
				47BBD2832A0989BF00559CB8 /* DataProvider */,
				47DCF74D2A0983040028955F /* Models */,
				47DCF74B2A0981430028955F /* Views */,
				47DCF74A2A0981210028955F /* Controllers */,
				47DCF7492A0980F90028955F /* SupportFiles */,
				47DCF73E2A097F1A0028955F /* Assets.xcassets */,
				47DCF7432A097F1A0028955F /* Info.plist */,
			);
			path = NewsiOS;
			sourceTree = "<group>";
		};
		47DCF7492A0980F90028955F /* SupportFiles */ = {
			isa = PBXGroup;
			children = (
				47D05F402A0D2674006E241C /* no-image.png */,
				47DCF7352A097F180028955F /* AppDelegate.swift */,
				47DCF7372A097F180028955F /* SceneDelegate.swift */,
				47DCF74C2A0982960028955F /* NewsList.json */,
				47B2D7372A0C2113009B4D83 /* SystemExtensions.swift */,
			);
			path = SupportFiles;
			sourceTree = "<group>";
		};
		47DCF74A2A0981210028955F /* Controllers */ = {
			isa = PBXGroup;
			children = (
				47E50BC62A13FD880097164C /* Componets */,
				47DCF7392A097F180028955F /* NewsListViewController.swift */,
				47E50BC42A13FA8E0097164C /* NewsViewController.swift */,
			);
			path = Controllers;
			sourceTree = "<group>";
		};
		47DCF74B2A0981430028955F /* Views */ = {
			isa = PBXGroup;
			children = (
				47DCF73B2A097F180028955F /* Main.storyboard */,
				47DCF7402A097F1A0028955F /* LaunchScreen.storyboard */,
				47D05F3D2A0D187F006E241C /* NewsTableViewCell.xib */,
			);
			path = Views;
			sourceTree = "<group>";
		};
		47DCF74D2A0983040028955F /* Models */ = {
			isa = PBXGroup;
			children = (
				47BBD27C2A0984D200559CB8 /* SourceModel.swift */,
				47BBD27E2A09853E00559CB8 /* NewsModel.swift */,
			);
			path = Models;
			sourceTree = "<group>";
		};
		47E50BC62A13FD880097164C /* Componets */ = {
			isa = PBXGroup;
			children = (
				47D05F3C2A0D187F006E241C /* NewsTableViewCell.swift */,
			);
			path = Componets;
			sourceTree = "<group>";
		};
/* End PBXGroup section */

/* Begin PBXNativeTarget section */
		47DCF7312A097F180028955F /* NewsiOS */ = {
			isa = PBXNativeTarget;
			buildConfigurationList = 47DCF7462A097F1A0028955F /* Build configuration list for PBXNativeTarget "NewsiOS" */;
			buildPhases = (
				47DCF72E2A097F180028955F /* Sources */,
				47DCF72F2A097F180028955F /* Frameworks */,
				47DCF7302A097F180028955F /* Resources */,
			);
			buildRules = (
			);
			dependencies = (
			);
			name = NewsiOS;
			productName = NewsiOS;
			productReference = 47DCF7322A097F180028955F /* NewsiOS.app */;
			productType = "com.apple.product-type.application";
		};
/* End PBXNativeTarget section */

/* Begin PBXProject section */
		47DCF72A2A097F180028955F /* Project object */ = {
			isa = PBXProject;
			attributes = {
				BuildIndependentTargetsInParallel = 1;
				LastSwiftUpdateCheck = 1340;
				LastUpgradeCheck = 1340;
				TargetAttributes = {
					47DCF7312A097F180028955F = {
						CreatedOnToolsVersion = 13.4.1;
					};
				};
			};
			buildConfigurationList = 47DCF72D2A097F180028955F /* Build configuration list for PBXProject "NewsiOS" */;
			compatibilityVersion = "Xcode 13.0";
			developmentRegion = en;
			hasScannedForEncodings = 0;
			knownRegions = (
				en,
				Base,
			);
			mainGroup = 47DCF7292A097F180028955F;
			productRefGroup = 47DCF7332A097F180028955F /* Products */;
			projectDirPath = "";
			projectRoot = "";
			targets = (
				47DCF7312A097F180028955F /* NewsiOS */,
			);
		};
/* End PBXProject section */

/* Begin PBXResourcesBuildPhase section */
		47DCF7302A097F180028955F /* Resources */ = {
			isa = PBXResourcesBuildPhase;
			buildActionMask = 2147483647;
			files = (
				47D05F412A0D2674006E241C /* no-image.png in Resources */,
				47DCF7422A097F1A0028955F /* LaunchScreen.storyboard in Resources */,
				47DCF73F2A097F1A0028955F /* Assets.xcassets in Resources */,
				47B2D7362A0C16B7009B4D83 /* NewsList.json in Resources */,
				47DCF73D2A097F180028955F /* Main.storyboard in Resources */,
				47D05F3F2A0D187F006E241C /* NewsTableViewCell.xib in Resources */,
			);
			runOnlyForDeploymentPostprocessing = 0;
		};
/* End PBXResourcesBuildPhase section */

/* Begin PBXSourcesBuildPhase section */
		47DCF72E2A097F180028955F /* Sources */ = {
			isa = PBXSourcesBuildPhase;
			buildActionMask = 2147483647;
			files = (
				47DCF73A2A097F180028955F /* NewsListViewController.swift in Sources */,
				47DCF7362A097F180028955F /* AppDelegate.swift in Sources */,
				47D05F3E2A0D187F006E241C /* NewsTableViewCell.swift in Sources */,
				47BBD2822A09865900559CB8 /* NewsListRepository.swift in Sources */,
				47E50BC52A13FA8E0097164C /* NewsViewController.swift in Sources */,
				47B2D7382A0C2113009B4D83 /* SystemExtensions.swift in Sources */,
				47BBD2872A098AB500559CB8 /* NewsListLocalDataProvider.swift in Sources */,
				47BBD27D2A0984D200559CB8 /* SourceModel.swift in Sources */,
				47BBD2852A098A0300559CB8 /* GenericDataProvider.swift in Sources */,
				47DCF7382A097F180028955F /* SceneDelegate.swift in Sources */,
				47BBD27F2A09853E00559CB8 /* NewsModel.swift in Sources */,
			);
			runOnlyForDeploymentPostprocessing = 0;
		};
/* End PBXSourcesBuildPhase section */

/* Begin PBXVariantGroup section */
		47DCF73B2A097F180028955F /* Main.storyboard */ = {
			isa = PBXVariantGroup;
			children = (
				47DCF73C2A097F180028955F /* Base */,
			);
			name = Main.storyboard;
			sourceTree = "<group>";
		};
		47DCF7402A097F1A0028955F /* LaunchScreen.storyboard */ = {
			isa = PBXVariantGroup;
			children = (
				47DCF7412A097F1A0028955F /* Base */,
			);
			name = LaunchScreen.storyboard;
			sourceTree = "<group>";
		};
/* End PBXVariantGroup section */

/* Begin XCBuildConfiguration section */
		47DCF7442A097F1A0028955F /* Debug */ = {
			isa = XCBuildConfiguration;
			buildSettings = {
				ALWAYS_SEARCH_USER_PATHS = NO;
				CLANG_ANALYZER_NONNULL = YES;
				CLANG_ANALYZER_NUMBER_OBJECT_CONVERSION = YES_AGGRESSIVE;
				CLANG_CXX_LANGUAGE_STANDARD = "gnu++17";
				CLANG_ENABLE_MODULES = YES;
				CLANG_ENABLE_OBJC_ARC = YES;
				CLANG_ENABLE_OBJC_WEAK = YES;
				CLANG_WARN_BLOCK_CAPTURE_AUTORELEASING = YES;
				CLANG_WARN_BOOL_CONVERSION = YES;
				CLANG_WARN_COMMA = YES;
				CLANG_WARN_CONSTANT_CONVERSION = YES;
				CLANG_WARN_DEPRECATED_OBJC_IMPLEMENTATIONS = YES;
				CLANG_WARN_DIRECT_OBJC_ISA_USAGE = YES_ERROR;
				CLANG_WARN_DOCUMENTATION_COMMENTS = YES;
				CLANG_WARN_EMPTY_BODY = YES;
				CLANG_WARN_ENUM_CONVERSION = YES;
				CLANG_WARN_INFINITE_RECURSION = YES;
				CLANG_WARN_INT_CONVERSION = YES;
				CLANG_WARN_NON_LITERAL_NULL_CONVERSION = YES;
				CLANG_WARN_OBJC_IMPLICIT_RETAIN_SELF = YES;
				CLANG_WARN_OBJC_LITERAL_CONVERSION = YES;
				CLANG_WARN_OBJC_ROOT_CLASS = YES_ERROR;
				CLANG_WARN_QUOTED_INCLUDE_IN_FRAMEWORK_HEADER = YES;
				CLANG_WARN_RANGE_LOOP_ANALYSIS = YES;
				CLANG_WARN_STRICT_PROTOTYPES = YES;
				CLANG_WARN_SUSPICIOUS_MOVE = YES;
				CLANG_WARN_UNGUARDED_AVAILABILITY = YES_AGGRESSIVE;
				CLANG_WARN_UNREACHABLE_CODE = YES;
				CLANG_WARN__DUPLICATE_METHOD_MATCH = YES;
				COPY_PHASE_STRIP = NO;
				DEBUG_INFORMATION_FORMAT = dwarf;
				ENABLE_STRICT_OBJC_MSGSEND = YES;
				ENABLE_TESTABILITY = YES;
				GCC_C_LANGUAGE_STANDARD = gnu11;
				GCC_DYNAMIC_NO_PIC = NO;
				GCC_NO_COMMON_BLOCKS = YES;
				GCC_OPTIMIZATION_LEVEL = 0;
				GCC_PREPROCESSOR_DEFINITIONS = (
					"DEBUG=1",
					"$(inherited)",
				);
				GCC_WARN_64_TO_32_BIT_CONVERSION = YES;
				GCC_WARN_ABOUT_RETURN_TYPE = YES_ERROR;
				GCC_WARN_UNDECLARED_SELECTOR = YES;
				GCC_WARN_UNINITIALIZED_AUTOS = YES_AGGRESSIVE;
				GCC_WARN_UNUSED_FUNCTION = YES;
				GCC_WARN_UNUSED_VARIABLE = YES;
				IPHONEOS_DEPLOYMENT_TARGET = 15.5;
				MTL_ENABLE_DEBUG_INFO = INCLUDE_SOURCE;
				MTL_FAST_MATH = YES;
				ONLY_ACTIVE_ARCH = YES;
				SDKROOT = iphoneos;
				SWIFT_ACTIVE_COMPILATION_CONDITIONS = DEBUG;
				SWIFT_OPTIMIZATION_LEVEL = "-Onone";
			};
			name = Debug;
		};
		47DCF7452A097F1A0028955F /* Release */ = {
			isa = XCBuildConfiguration;
			buildSettings = {
				ALWAYS_SEARCH_USER_PATHS = NO;
				CLANG_ANALYZER_NONNULL = YES;
				CLANG_ANALYZER_NUMBER_OBJECT_CONVERSION = YES_AGGRESSIVE;
				CLANG_CXX_LANGUAGE_STANDARD = "gnu++17";
				CLANG_ENABLE_MODULES = YES;
				CLANG_ENABLE_OBJC_ARC = YES;
				CLANG_ENABLE_OBJC_WEAK = YES;
				CLANG_WARN_BLOCK_CAPTURE_AUTORELEASING = YES;
				CLANG_WARN_BOOL_CONVERSION = YES;
				CLANG_WARN_COMMA = YES;
				CLANG_WARN_CONSTANT_CONVERSION = YES;
				CLANG_WARN_DEPRECATED_OBJC_IMPLEMENTATIONS = YES;
				CLANG_WARN_DIRECT_OBJC_ISA_USAGE = YES_ERROR;
				CLANG_WARN_DOCUMENTATION_COMMENTS = YES;
				CLANG_WARN_EMPTY_BODY = YES;
				CLANG_WARN_ENUM_CONVERSION = YES;
				CLANG_WARN_INFINITE_RECURSION = YES;
				CLANG_WARN_INT_CONVERSION = YES;
				CLANG_WARN_NON_LITERAL_NULL_CONVERSION = YES;
				CLANG_WARN_OBJC_IMPLICIT_RETAIN_SELF = YES;
				CLANG_WARN_OBJC_LITERAL_CONVERSION = YES;
				CLANG_WARN_OBJC_ROOT_CLASS = YES_ERROR;
				CLANG_WARN_QUOTED_INCLUDE_IN_FRAMEWORK_HEADER = YES;
				CLANG_WARN_RANGE_LOOP_ANALYSIS = YES;
				CLANG_WARN_STRICT_PROTOTYPES = YES;
				CLANG_WARN_SUSPICIOUS_MOVE = YES;
				CLANG_WARN_UNGUARDED_AVAILABILITY = YES_AGGRESSIVE;
				CLANG_WARN_UNREACHABLE_CODE = YES;
				CLANG_WARN__DUPLICATE_METHOD_MATCH = YES;
				COPY_PHASE_STRIP = NO;
				DEBUG_INFORMATION_FORMAT = "dwarf-with-dsym";
				ENABLE_NS_ASSERTIONS = NO;
				ENABLE_STRICT_OBJC_MSGSEND = YES;
				GCC_C_LANGUAGE_STANDARD = gnu11;
				GCC_NO_COMMON_BLOCKS = YES;
				GCC_WARN_64_TO_32_BIT_CONVERSION = YES;
				GCC_WARN_ABOUT_RETURN_TYPE = YES_ERROR;
				GCC_WARN_UNDECLARED_SELECTOR = YES;
				GCC_WARN_UNINITIALIZED_AUTOS = YES_AGGRESSIVE;
				GCC_WARN_UNUSED_FUNCTION = YES;
				GCC_WARN_UNUSED_VARIABLE = YES;
				IPHONEOS_DEPLOYMENT_TARGET = 15.5;
				MTL_ENABLE_DEBUG_INFO = NO;
				MTL_FAST_MATH = YES;
				SDKROOT = iphoneos;
				SWIFT_COMPILATION_MODE = wholemodule;
				SWIFT_OPTIMIZATION_LEVEL = "-O";
				VALIDATE_PRODUCT = YES;
			};
			name = Release;
		};
		47DCF7472A097F1A0028955F /* Debug */ = {
			isa = XCBuildConfiguration;
			buildSettings = {
				ASSETCATALOG_COMPILER_APPICON_NAME = AppIcon;
				ASSETCATALOG_COMPILER_GLOBAL_ACCENT_COLOR_NAME = AccentColor;
				CODE_SIGN_STYLE = Automatic;
				CURRENT_PROJECT_VERSION = 1;
				DEVELOPMENT_TEAM = T799BTXVLZ;
				GENERATE_INFOPLIST_FILE = YES;
				INFOPLIST_FILE = NewsiOS/Info.plist;
				INFOPLIST_KEY_UIApplicationSupportsIndirectInputEvents = YES;
				INFOPLIST_KEY_UILaunchStoryboardName = LaunchScreen;
				INFOPLIST_KEY_UIMainStoryboardFile = Main;
				INFOPLIST_KEY_UISupportedInterfaceOrientations = UIInterfaceOrientationPortrait;
				INFOPLIST_KEY_UISupportedInterfaceOrientations_iPad = "UIInterfaceOrientationPortrait UIInterfaceOrientationPortraitUpsideDown UIInterfaceOrientationLandscapeLeft UIInterfaceOrientationLandscapeRight";
				INFOPLIST_KEY_UISupportedInterfaceOrientations_iPhone = "UIInterfaceOrientationPortrait UIInterfaceOrientationLandscapeLeft UIInterfaceOrientationLandscapeRight";
				IPHONEOS_DEPLOYMENT_TARGET = 15.0;
				LD_RUNPATH_SEARCH_PATHS = (
					"$(inherited)",
					"@executable_path/Frameworks",
				);
				MARKETING_VERSION = 1.0;
				PRODUCT_BUNDLE_IDENTIFIER = marcel.farias.NewsiOS;
				PRODUCT_NAME = "$(TARGET_NAME)";
				SWIFT_EMIT_LOC_STRINGS = YES;
				SWIFT_VERSION = 5.0;
				TARGETED_DEVICE_FAMILY = 1;
			};
			name = Debug;
		};
		47DCF7482A097F1A0028955F /* Release */ = {
			isa = XCBuildConfiguration;
			buildSettings = {
				ASSETCATALOG_COMPILER_APPICON_NAME = AppIcon;
				ASSETCATALOG_COMPILER_GLOBAL_ACCENT_COLOR_NAME = AccentColor;
				CODE_SIGN_STYLE = Automatic;
				CURRENT_PROJECT_VERSION = 1;
				DEVELOPMENT_TEAM = T799BTXVLZ;
				GENERATE_INFOPLIST_FILE = YES;
				INFOPLIST_FILE = NewsiOS/Info.plist;
				INFOPLIST_KEY_UIApplicationSupportsIndirectInputEvents = YES;
				INFOPLIST_KEY_UILaunchStoryboardName = LaunchScreen;
				INFOPLIST_KEY_UIMainStoryboardFile = Main;
				INFOPLIST_KEY_UISupportedInterfaceOrientations = UIInterfaceOrientationPortrait;
				INFOPLIST_KEY_UISupportedInterfaceOrientations_iPad = "UIInterfaceOrientationPortrait UIInterfaceOrientationPortraitUpsideDown UIInterfaceOrientationLandscapeLeft UIInterfaceOrientationLandscapeRight";
				INFOPLIST_KEY_UISupportedInterfaceOrientations_iPhone = "UIInterfaceOrientationPortrait UIInterfaceOrientationLandscapeLeft UIInterfaceOrientationLandscapeRight";
				IPHONEOS_DEPLOYMENT_TARGET = 15.0;
				LD_RUNPATH_SEARCH_PATHS = (
					"$(inherited)",
					"@executable_path/Frameworks",
				);
				MARKETING_VERSION = 1.0;
				PRODUCT_BUNDLE_IDENTIFIER = marcel.farias.NewsiOS;
				PRODUCT_NAME = "$(TARGET_NAME)";
				SWIFT_EMIT_LOC_STRINGS = YES;
				SWIFT_VERSION = 5.0;
				TARGETED_DEVICE_FAMILY = 1;
			};
			name = Release;
		};
/* End XCBuildConfiguration section */

/* Begin XCConfigurationList section */
		47DCF72D2A097F180028955F /* Build configuration list for PBXProject "NewsiOS" */ = {
			isa = XCConfigurationList;
			buildConfigurations = (
				47DCF7442A097F1A0028955F /* Debug */,
				47DCF7452A097F1A0028955F /* Release */,
			);
			defaultConfigurationIsVisible = 0;
			defaultConfigurationName = Release;
		};
		47DCF7462A097F1A0028955F /* Build configuration list for PBXNativeTarget "NewsiOS" */ = {
			isa = XCConfigurationList;
			buildConfigurations = (
				47DCF7472A097F1A0028955F /* Debug */,
				47DCF7482A097F1A0028955F /* Release */,
			);
			defaultConfigurationIsVisible = 0;
			defaultConfigurationName = Release;
		};
/* End XCConfigurationList section */
	};
	rootObject = 47DCF72A2A097F180028955F /* Project object */;
}
